
Microsoft Visual Studio Solution File, Format Version 12.00
# Visual Studio 14
VisualStudioVersion = 14.0.25420.1
MinimumVisualStudioVersion = 10.0.40219.1
Project("{8BB2217D-0F2D-49D1-97BC-3654ED321F3B}") = "AnthonyCakes2", "AnthonyCakes2\AnthonyCakes2.xproj", "{D891949A-B0AA-48C0-850D-263AEC2B14BF}"
EndProject
Global
	GlobalSection(SolutionConfigurationPlatforms) = preSolution
		Debug|Any CPU = Debug|Any CPU
		Release|Any CPU = Release|Any CPU
	EndGlobalSection
	GlobalSection(ProjectConfigurationPlatforms) = postSolution
		{D891949A-B0AA-48C0-850D-263AEC2B14BF}.Debug|Any CPU.ActiveCfg = Debug|Any CPU
		{D891949A-B0AA-48C0-850D-263AEC2B14BF}.Debug|Any CPU.Build.0 = Debug|Any CPU
		{D891949A-B0AA-48C0-850D-263AEC2B14BF}.Release|Any CPU.ActiveCfg = Release|Any CPU
		{D891949A-B0AA-48C0-850D-263AEC2B14BF}.Release|Any CPU.Build.0 = Release|Any CPU
	EndGlobalSection
	GlobalSection(SolutionProperties) = preSolution
		HideSolutionNode = FALSE
	EndGlobalSection
EndGlobal
